<?xml version="1.0" encoding="utf-8"?>
<Project ToolsVersion="Current" xmlns="http://schemas.microsoft.com/developer/msbuild/2003">
  <ItemGroup>
    <Filter Include="Source Files">
      <UniqueIdentifier>{14c79841-d4a3-4c95-b5a0-85728286c0ab}</UniqueIdentifier>
    </Filter>
    <Filter Include="Header Files">
      <UniqueIdentifier>{eab38f42-f73e-4853-95d6-12fad1054a37}</UniqueIdentifier>
    </Filter>
  </ItemGroup>
  <ItemGroup>
    <ClCompile Include="main.cpp">
      <Filter>Source Files</Filter>
    </ClCompile>
    <ClCompile Include="Human.cpp">
      <Filter>Source Files</Filter>
    </ClCompile>
    <ClCompile Include="Sim.cpp">
      <Filter>Source Files</Filter>
    </ClCompile>
    <ClCompile Include="HumanManager.cpp">
      <Filter>Source Files</Filter>
    </ClCompile>
    <ClCompile Include="SliderSFML.cpp">
      <Filter>Source Files</Filter>
    </ClCompile>
  </ItemGroup>
  <ItemGroup>
    <ClInclude Include="SFMLbase.h">
      <Filter>Header Files</Filter>
    </ClInclude>
    <ClInclude Include="Human.h">
      <Filter>Header Files</Filter>
    </ClInclude>
    <ClInclude Include="Sim.h">
      <Filter>Header Files</Filter>
    </ClInclude>
    <ClInclude Include="HumanManager.h">
      <Filter>Header Files</Filter>
    </ClInclude>
    <ClInclude Include="SliderSFML.h">
      <Filter>Header Files</Filter>
    </ClInclude>
  </ItemGroup>
</Project>